
Microsoft Visual Studio Solution File, Format Version 12.00
# Visual Studio Version 16
VisualStudioVersion = 16.0.31005.135
MinimumVisualStudioVersion = 10.0.40219.1
Project("{FAE04EC0-301F-11D3-BF4B-00C04F79EFBC}") = "DoWhileLoops", "DoWhileLoops\DoWhileLoops.csproj", "{79F4F485-C18D-40E7-9560-554DE6B1FAF3}"
EndProject
Global
	GlobalSection(SolutionConfigurationPlatforms) = preSolution
		Debug|Any CPU = Debug|Any CPU
		Release|Any CPU = Release|Any CPU
	EndGlobalSection
	GlobalSection(ProjectConfigurationPlatforms) = postSolution
		{79F4F485-C18D-40E7-9560-554DE6B1FAF3}.Debug|Any CPU.ActiveCfg = Debug|Any CPU
		{79F4F485-C18D-40E7-9560-554DE6B1FAF3}.Debug|Any CPU.Build.0 = Debug|Any CPU
		{79F4F485-C18D-40E7-9560-554DE6B1FAF3}.Release|Any CPU.ActiveCfg = Release|Any CPU
		{79F4F485-C18D-40E7-9560-554DE6B1FAF3}.Release|Any CPU.Build.0 = Release|Any CPU
	EndGlobalSection
	GlobalSection(SolutionProperties) = preSolution
		HideSolutionNode = FALSE
	EndGlobalSection
	GlobalSection(ExtensibilityGlobals) = postSolution
		SolutionGuid = {D346D982-C89A-4209-BE6F-930695DD3611}
	EndGlobalSection
EndGlobal
