
Microsoft Visual Studio Solution File, Format Version 12.00
# Visual Studio Version 16
VisualStudioVersion = 16.0.31005.135
MinimumVisualStudioVersion = 10.0.40219.1
Project("{FAE04EC0-301F-11D3-BF4B-00C04F79EFBC}") = "Assignment337", "Assignment337\Assignment337.csproj", "{A82CA7BB-ADB8-45E7-AAF6-B684828A89CD}"
EndProject
Global
	GlobalSection(SolutionConfigurationPlatforms) = preSolution
		Debug|Any CPU = Debug|Any CPU
		Release|Any CPU = Release|Any CPU
	EndGlobalSection
	GlobalSection(ProjectConfigurationPlatforms) = postSolution
		{A82CA7BB-ADB8-45E7-AAF6-B684828A89CD}.Debug|Any CPU.ActiveCfg = Debug|Any CPU
		{A82CA7BB-ADB8-45E7-AAF6-B684828A89CD}.Debug|Any CPU.Build.0 = Debug|Any CPU
		{A82CA7BB-ADB8-45E7-AAF6-B684828A89CD}.Release|Any CPU.ActiveCfg = Release|Any CPU
		{A82CA7BB-ADB8-45E7-AAF6-B684828A89CD}.Release|Any CPU.Build.0 = Release|Any CPU
	EndGlobalSection
	GlobalSection(SolutionProperties) = preSolution
		HideSolutionNode = FALSE
	EndGlobalSection
	GlobalSection(ExtensibilityGlobals) = postSolution
		SolutionGuid = {A487AB5B-3C85-4C02-B154-E3BBA25CB057}
	EndGlobalSection
EndGlobal
