
Microsoft Visual Studio Solution File, Format Version 12.00
# Visual Studio Version 16
VisualStudioVersion = 16.0.31005.135
MinimumVisualStudioVersion = 10.0.40219.1
Project("{FAE04EC0-301F-11D3-BF4B-00C04F79EFBC}") = "Assignment388", "Assignment388\Assignment388.csproj", "{48E6EE79-DA84-4385-8DF3-D6EBA2A7BF7A}"
EndProject
Global
	GlobalSection(SolutionConfigurationPlatforms) = preSolution
		Debug|Any CPU = Debug|Any CPU
		Release|Any CPU = Release|Any CPU
	EndGlobalSection
	GlobalSection(ProjectConfigurationPlatforms) = postSolution
		{48E6EE79-DA84-4385-8DF3-D6EBA2A7BF7A}.Debug|Any CPU.ActiveCfg = Debug|Any CPU
		{48E6EE79-DA84-4385-8DF3-D6EBA2A7BF7A}.Debug|Any CPU.Build.0 = Debug|Any CPU
		{48E6EE79-DA84-4385-8DF3-D6EBA2A7BF7A}.Release|Any CPU.ActiveCfg = Release|Any CPU
		{48E6EE79-DA84-4385-8DF3-D6EBA2A7BF7A}.Release|Any CPU.Build.0 = Release|Any CPU
	EndGlobalSection
	GlobalSection(SolutionProperties) = preSolution
		HideSolutionNode = FALSE
	EndGlobalSection
	GlobalSection(ExtensibilityGlobals) = postSolution
		SolutionGuid = {6B0CC4BE-58FF-41FA-A0C1-B0467EDA4B64}
	EndGlobalSection
EndGlobal
