
Microsoft Visual Studio Solution File, Format Version 12.00
# Visual Studio Version 16
VisualStudioVersion = 16.0.31005.135
MinimumVisualStudioVersion = 10.0.40219.1
Project("{FAE04EC0-301F-11D3-BF4B-00C04F79EFBC}") = "Math", "Math\Math.csproj", "{A10ECA94-89F7-4D43-B1CF-8A40C9BD85A9}"
EndProject
Global
	GlobalSection(SolutionConfigurationPlatforms) = preSolution
		Debug|Any CPU = Debug|Any CPU
		Release|Any CPU = Release|Any CPU
	EndGlobalSection
	GlobalSection(ProjectConfigurationPlatforms) = postSolution
		{A10ECA94-89F7-4D43-B1CF-8A40C9BD85A9}.Debug|Any CPU.ActiveCfg = Debug|Any CPU
		{A10ECA94-89F7-4D43-B1CF-8A40C9BD85A9}.Debug|Any CPU.Build.0 = Debug|Any CPU
		{A10ECA94-89F7-4D43-B1CF-8A40C9BD85A9}.Release|Any CPU.ActiveCfg = Release|Any CPU
		{A10ECA94-89F7-4D43-B1CF-8A40C9BD85A9}.Release|Any CPU.Build.0 = Release|Any CPU
	EndGlobalSection
	GlobalSection(SolutionProperties) = preSolution
		HideSolutionNode = FALSE
	EndGlobalSection
	GlobalSection(ExtensibilityGlobals) = postSolution
		SolutionGuid = {840A5FFD-D8B4-4579-A147-DCAB9D30C2BC}
	EndGlobalSection
EndGlobal
