
Microsoft Visual Studio Solution File, Format Version 12.00
# Visual Studio Version 16
VisualStudioVersion = 16.0.31005.135
MinimumVisualStudioVersion = 10.0.40219.1
Project("{FAE04EC0-301F-11D3-BF4B-00C04F79EFBC}") = "April9", "April9\April9.csproj", "{09BADC22-F963-4D13-9103-E82B491C570E}"
EndProject
Global
	GlobalSection(SolutionConfigurationPlatforms) = preSolution
		Debug|Any CPU = Debug|Any CPU
		Release|Any CPU = Release|Any CPU
	EndGlobalSection
	GlobalSection(ProjectConfigurationPlatforms) = postSolution
		{09BADC22-F963-4D13-9103-E82B491C570E}.Debug|Any CPU.ActiveCfg = Debug|Any CPU
		{09BADC22-F963-4D13-9103-E82B491C570E}.Debug|Any CPU.Build.0 = Debug|Any CPU
		{09BADC22-F963-4D13-9103-E82B491C570E}.Release|Any CPU.ActiveCfg = Release|Any CPU
		{09BADC22-F963-4D13-9103-E82B491C570E}.Release|Any CPU.Build.0 = Release|Any CPU
	EndGlobalSection
	GlobalSection(SolutionProperties) = preSolution
		HideSolutionNode = FALSE
	EndGlobalSection
	GlobalSection(ExtensibilityGlobals) = postSolution
		SolutionGuid = {D2467873-FB05-4EBE-BA90-D8BF1CFB445D}
	EndGlobalSection
EndGlobal
