
Microsoft Visual Studio Solution File, Format Version 12.00
# Visual Studio Version 16
VisualStudioVersion = 16.0.31005.135
MinimumVisualStudioVersion = 10.0.40219.1
Project("{FAE04EC0-301F-11D3-BF4B-00C04F79EFBC}") = "Assignment369", "Assignment369\Assignment369.csproj", "{7F33F40E-71E5-4C20-AC6D-392D0D9C3164}"
EndProject
Global
	GlobalSection(SolutionConfigurationPlatforms) = preSolution
		Debug|Any CPU = Debug|Any CPU
		Release|Any CPU = Release|Any CPU
	EndGlobalSection
	GlobalSection(ProjectConfigurationPlatforms) = postSolution
		{7F33F40E-71E5-4C20-AC6D-392D0D9C3164}.Debug|Any CPU.ActiveCfg = Debug|Any CPU
		{7F33F40E-71E5-4C20-AC6D-392D0D9C3164}.Debug|Any CPU.Build.0 = Debug|Any CPU
		{7F33F40E-71E5-4C20-AC6D-392D0D9C3164}.Release|Any CPU.ActiveCfg = Release|Any CPU
		{7F33F40E-71E5-4C20-AC6D-392D0D9C3164}.Release|Any CPU.Build.0 = Release|Any CPU
	EndGlobalSection
	GlobalSection(SolutionProperties) = preSolution
		HideSolutionNode = FALSE
	EndGlobalSection
	GlobalSection(ExtensibilityGlobals) = postSolution
		SolutionGuid = {B09FD4A8-2F28-4E79-8C5F-9EF86C5458D5}
	EndGlobalSection
EndGlobal
