
Microsoft Visual Studio Solution File, Format Version 12.00
# Visual Studio Version 16
VisualStudioVersion = 16.0.31005.135
MinimumVisualStudioVersion = 10.0.40219.1
Project("{FAE04EC0-301F-11D3-BF4B-00C04F79EFBC}") = "MvcTutorial", "MvcTutorial\MvcTutorial.csproj", "{4E250591-8BEF-4A10-95B4-FEAF80BC635C}"
EndProject
Global
	GlobalSection(SolutionConfigurationPlatforms) = preSolution
		Debug|Any CPU = Debug|Any CPU
		Release|Any CPU = Release|Any CPU
	EndGlobalSection
	GlobalSection(ProjectConfigurationPlatforms) = postSolution
		{4E250591-8BEF-4A10-95B4-FEAF80BC635C}.Debug|Any CPU.ActiveCfg = Debug|Any CPU
		{4E250591-8BEF-4A10-95B4-FEAF80BC635C}.Debug|Any CPU.Build.0 = Debug|Any CPU
		{4E250591-8BEF-4A10-95B4-FEAF80BC635C}.Release|Any CPU.ActiveCfg = Release|Any CPU
		{4E250591-8BEF-4A10-95B4-FEAF80BC635C}.Release|Any CPU.Build.0 = Release|Any CPU
	EndGlobalSection
	GlobalSection(SolutionProperties) = preSolution
		HideSolutionNode = FALSE
	EndGlobalSection
	GlobalSection(ExtensibilityGlobals) = postSolution
		SolutionGuid = {F7C00D8E-D917-43B7-85FC-B75D8D01CACF}
	EndGlobalSection
EndGlobal
