
Microsoft Visual Studio Solution File, Format Version 12.00
# Visual Studio Version 16
VisualStudioVersion = 16.0.31005.135
MinimumVisualStudioVersion = 10.0.40219.1
Project("{FAE04EC0-301F-11D3-BF4B-00C04F79EFBC}") = "BooleanLogic168", "BooleanLogic168\BooleanLogic168.csproj", "{2806079A-FA4C-4363-A4A3-2E743077DFE2}"
EndProject
Global
	GlobalSection(SolutionConfigurationPlatforms) = preSolution
		Debug|Any CPU = Debug|Any CPU
		Release|Any CPU = Release|Any CPU
	EndGlobalSection
	GlobalSection(ProjectConfigurationPlatforms) = postSolution
		{2806079A-FA4C-4363-A4A3-2E743077DFE2}.Debug|Any CPU.ActiveCfg = Debug|Any CPU
		{2806079A-FA4C-4363-A4A3-2E743077DFE2}.Debug|Any CPU.Build.0 = Debug|Any CPU
		{2806079A-FA4C-4363-A4A3-2E743077DFE2}.Release|Any CPU.ActiveCfg = Release|Any CPU
		{2806079A-FA4C-4363-A4A3-2E743077DFE2}.Release|Any CPU.Build.0 = Release|Any CPU
	EndGlobalSection
	GlobalSection(SolutionProperties) = preSolution
		HideSolutionNode = FALSE
	EndGlobalSection
	GlobalSection(ExtensibilityGlobals) = postSolution
		SolutionGuid = {A8ED05A4-548B-411B-B8AA-7159D335E2DD}
	EndGlobalSection
EndGlobal
