
Microsoft Visual Studio Solution File, Format Version 12.00
# Visual Studio Version 16
VisualStudioVersion = 16.0.31005.135
MinimumVisualStudioVersion = 10.0.40219.1
Project("{FAE04EC0-301F-11D3-BF4B-00C04F79EFBC}") = "HelloWorld", "HelloWorld\HelloWorld.csproj", "{1983C9FC-CCAB-4500-9C7E-66C23CD64C4E}"
EndProject
Global
	GlobalSection(SolutionConfigurationPlatforms) = preSolution
		Debug|Any CPU = Debug|Any CPU
		Release|Any CPU = Release|Any CPU
	EndGlobalSection
	GlobalSection(ProjectConfigurationPlatforms) = postSolution
		{1983C9FC-CCAB-4500-9C7E-66C23CD64C4E}.Debug|Any CPU.ActiveCfg = Debug|Any CPU
		{1983C9FC-CCAB-4500-9C7E-66C23CD64C4E}.Debug|Any CPU.Build.0 = Debug|Any CPU
		{1983C9FC-CCAB-4500-9C7E-66C23CD64C4E}.Release|Any CPU.ActiveCfg = Release|Any CPU
		{1983C9FC-CCAB-4500-9C7E-66C23CD64C4E}.Release|Any CPU.Build.0 = Release|Any CPU
	EndGlobalSection
	GlobalSection(SolutionProperties) = preSolution
		HideSolutionNode = FALSE
	EndGlobalSection
	GlobalSection(ExtensibilityGlobals) = postSolution
		SolutionGuid = {C93C9199-C39C-472B-8909-4ED519B11E96}
	EndGlobalSection
EndGlobal
