
Microsoft Visual Studio Solution File, Format Version 12.00
# Visual Studio Version 16
VisualStudioVersion = 16.0.31005.135
MinimumVisualStudioVersion = 10.0.40219.1
Project("{FAE04EC0-301F-11D3-BF4B-00C04F79EFBC}") = "Math", "Math\Math.csproj", "{C8D85D7A-6497-4E19-A0A7-A07658140B85}"
EndProject
Global
	GlobalSection(SolutionConfigurationPlatforms) = preSolution
		Debug|Any CPU = Debug|Any CPU
		Release|Any CPU = Release|Any CPU
	EndGlobalSection
	GlobalSection(ProjectConfigurationPlatforms) = postSolution
		{C8D85D7A-6497-4E19-A0A7-A07658140B85}.Debug|Any CPU.ActiveCfg = Debug|Any CPU
		{C8D85D7A-6497-4E19-A0A7-A07658140B85}.Debug|Any CPU.Build.0 = Debug|Any CPU
		{C8D85D7A-6497-4E19-A0A7-A07658140B85}.Release|Any CPU.ActiveCfg = Release|Any CPU
		{C8D85D7A-6497-4E19-A0A7-A07658140B85}.Release|Any CPU.Build.0 = Release|Any CPU
	EndGlobalSection
	GlobalSection(SolutionProperties) = preSolution
		HideSolutionNode = FALSE
	EndGlobalSection
	GlobalSection(ExtensibilityGlobals) = postSolution
		SolutionGuid = {6D7D2FF1-9B13-4068-93B6-98B40F607A81}
	EndGlobalSection
EndGlobal
