
Microsoft Visual Studio Solution File, Format Version 12.00
# Visual Studio Version 16
VisualStudioVersion = 16.0.31005.135
MinimumVisualStudioVersion = 10.0.40219.1
Project("{FAE04EC0-301F-11D3-BF4B-00C04F79EFBC}") = "WebApplication3", "WebApplication3\WebApplication3.csproj", "{D494E56E-4AC1-4D18-BAA3-A5B153A000F7}"
EndProject
Global
	GlobalSection(SolutionConfigurationPlatforms) = preSolution
		Debug|Any CPU = Debug|Any CPU
		Release|Any CPU = Release|Any CPU
	EndGlobalSection
	GlobalSection(ProjectConfigurationPlatforms) = postSolution
		{D494E56E-4AC1-4D18-BAA3-A5B153A000F7}.Debug|Any CPU.ActiveCfg = Debug|Any CPU
		{D494E56E-4AC1-4D18-BAA3-A5B153A000F7}.Debug|Any CPU.Build.0 = Debug|Any CPU
		{D494E56E-4AC1-4D18-BAA3-A5B153A000F7}.Release|Any CPU.ActiveCfg = Release|Any CPU
		{D494E56E-4AC1-4D18-BAA3-A5B153A000F7}.Release|Any CPU.Build.0 = Release|Any CPU
	EndGlobalSection
	GlobalSection(SolutionProperties) = preSolution
		HideSolutionNode = FALSE
	EndGlobalSection
	GlobalSection(ExtensibilityGlobals) = postSolution
		SolutionGuid = {566219AE-4E50-4A12-8317-04B0DE1D5706}
	EndGlobalSection
EndGlobal
