
Microsoft Visual Studio Solution File, Format Version 12.00
# Visual Studio Version 16
VisualStudioVersion = 16.0.31005.135
MinimumVisualStudioVersion = 10.0.40219.1
Project("{FAE04EC0-301F-11D3-BF4B-00C04F79EFBC}") = "Assignment365", "Assignment365\Assignment365.csproj", "{C7527A19-A162-4826-9CE6-0B894A297A1E}"
EndProject
Global
	GlobalSection(SolutionConfigurationPlatforms) = preSolution
		Debug|Any CPU = Debug|Any CPU
		Release|Any CPU = Release|Any CPU
	EndGlobalSection
	GlobalSection(ProjectConfigurationPlatforms) = postSolution
		{C7527A19-A162-4826-9CE6-0B894A297A1E}.Debug|Any CPU.ActiveCfg = Debug|Any CPU
		{C7527A19-A162-4826-9CE6-0B894A297A1E}.Debug|Any CPU.Build.0 = Debug|Any CPU
		{C7527A19-A162-4826-9CE6-0B894A297A1E}.Release|Any CPU.ActiveCfg = Release|Any CPU
		{C7527A19-A162-4826-9CE6-0B894A297A1E}.Release|Any CPU.Build.0 = Release|Any CPU
	EndGlobalSection
	GlobalSection(SolutionProperties) = preSolution
		HideSolutionNode = FALSE
	EndGlobalSection
	GlobalSection(ExtensibilityGlobals) = postSolution
		SolutionGuid = {30E82006-E34C-4F3B-A9DC-D18584E483B3}
	EndGlobalSection
EndGlobal
