
Microsoft Visual Studio Solution File, Format Version 12.00
# Visual Studio Version 16
VisualStudioVersion = 16.0.31005.135
MinimumVisualStudioVersion = 10.0.40219.1
Project("{FAE04EC0-301F-11D3-BF4B-00C04F79EFBC}") = "VariablesAndDataTypes", "VariablesAndDataTypes\VariablesAndDataTypes.csproj", "{F3B2B7BC-6AC8-442A-9642-DE9EE0C36774}"
EndProject
Global
	GlobalSection(SolutionConfigurationPlatforms) = preSolution
		Debug|Any CPU = Debug|Any CPU
		Release|Any CPU = Release|Any CPU
	EndGlobalSection
	GlobalSection(ProjectConfigurationPlatforms) = postSolution
		{F3B2B7BC-6AC8-442A-9642-DE9EE0C36774}.Debug|Any CPU.ActiveCfg = Debug|Any CPU
		{F3B2B7BC-6AC8-442A-9642-DE9EE0C36774}.Debug|Any CPU.Build.0 = Debug|Any CPU
		{F3B2B7BC-6AC8-442A-9642-DE9EE0C36774}.Release|Any CPU.ActiveCfg = Release|Any CPU
		{F3B2B7BC-6AC8-442A-9642-DE9EE0C36774}.Release|Any CPU.Build.0 = Release|Any CPU
	EndGlobalSection
	GlobalSection(SolutionProperties) = preSolution
		HideSolutionNode = FALSE
	EndGlobalSection
	GlobalSection(ExtensibilityGlobals) = postSolution
		SolutionGuid = {DE50E102-E78D-4DF3-9F5D-DAF184CE62BC}
	EndGlobalSection
EndGlobal
