
Microsoft Visual Studio Solution File, Format Version 12.00
# Visual Studio Version 16
VisualStudioVersion = 16.0.31005.135
MinimumVisualStudioVersion = 10.0.40219.1
Project("{FAE04EC0-301F-11D3-BF4B-00C04F79EFBC}") = "March26", "March26\March26.csproj", "{9E30AC78-CFB7-4B41-818E-226FE51923C6}"
EndProject
Global
	GlobalSection(SolutionConfigurationPlatforms) = preSolution
		Debug|Any CPU = Debug|Any CPU
		Release|Any CPU = Release|Any CPU
	EndGlobalSection
	GlobalSection(ProjectConfigurationPlatforms) = postSolution
		{9E30AC78-CFB7-4B41-818E-226FE51923C6}.Debug|Any CPU.ActiveCfg = Debug|Any CPU
		{9E30AC78-CFB7-4B41-818E-226FE51923C6}.Debug|Any CPU.Build.0 = Debug|Any CPU
		{9E30AC78-CFB7-4B41-818E-226FE51923C6}.Release|Any CPU.ActiveCfg = Release|Any CPU
		{9E30AC78-CFB7-4B41-818E-226FE51923C6}.Release|Any CPU.Build.0 = Release|Any CPU
	EndGlobalSection
	GlobalSection(SolutionProperties) = preSolution
		HideSolutionNode = FALSE
	EndGlobalSection
	GlobalSection(ExtensibilityGlobals) = postSolution
		SolutionGuid = {B1AA4140-E828-4205-BCB7-D67F02F4D2C8}
	EndGlobalSection
EndGlobal
