
Microsoft Visual Studio Solution File, Format Version 12.00
# Visual Studio Version 16
VisualStudioVersion = 16.0.31005.135
MinimumVisualStudioVersion = 10.0.40219.1
Project("{FAE04EC0-301F-11D3-BF4B-00C04F79EFBC}") = "CSharp223", "CSharp223\CSharp223.csproj", "{CD549B1B-8B99-4E43-864F-D9ADBC559675}"
EndProject
Global
	GlobalSection(SolutionConfigurationPlatforms) = preSolution
		Debug|Any CPU = Debug|Any CPU
		Release|Any CPU = Release|Any CPU
	EndGlobalSection
	GlobalSection(ProjectConfigurationPlatforms) = postSolution
		{CD549B1B-8B99-4E43-864F-D9ADBC559675}.Debug|Any CPU.ActiveCfg = Debug|Any CPU
		{CD549B1B-8B99-4E43-864F-D9ADBC559675}.Debug|Any CPU.Build.0 = Debug|Any CPU
		{CD549B1B-8B99-4E43-864F-D9ADBC559675}.Release|Any CPU.ActiveCfg = Release|Any CPU
		{CD549B1B-8B99-4E43-864F-D9ADBC559675}.Release|Any CPU.Build.0 = Release|Any CPU
	EndGlobalSection
	GlobalSection(SolutionProperties) = preSolution
		HideSolutionNode = FALSE
	EndGlobalSection
	GlobalSection(ExtensibilityGlobals) = postSolution
		SolutionGuid = {73B42E3B-2D08-46FA-A408-17483C6DBF5C}
	EndGlobalSection
EndGlobal
