
Microsoft Visual Studio Solution File, Format Version 12.00
# Visual Studio Version 16
VisualStudioVersion = 16.0.31005.135
MinimumVisualStudioVersion = 10.0.40219.1
Project("{FAE04EC0-301F-11D3-BF4B-00C04F79EFBC}") = "Assignment313", "Assignment313\Assignment313.csproj", "{8D0A8DCA-0918-4A47-924E-E595D79A5336}"
EndProject
Global
	GlobalSection(SolutionConfigurationPlatforms) = preSolution
		Debug|Any CPU = Debug|Any CPU
		Release|Any CPU = Release|Any CPU
	EndGlobalSection
	GlobalSection(ProjectConfigurationPlatforms) = postSolution
		{8D0A8DCA-0918-4A47-924E-E595D79A5336}.Debug|Any CPU.ActiveCfg = Debug|Any CPU
		{8D0A8DCA-0918-4A47-924E-E595D79A5336}.Debug|Any CPU.Build.0 = Debug|Any CPU
		{8D0A8DCA-0918-4A47-924E-E595D79A5336}.Release|Any CPU.ActiveCfg = Release|Any CPU
		{8D0A8DCA-0918-4A47-924E-E595D79A5336}.Release|Any CPU.Build.0 = Release|Any CPU
	EndGlobalSection
	GlobalSection(SolutionProperties) = preSolution
		HideSolutionNode = FALSE
	EndGlobalSection
	GlobalSection(ExtensibilityGlobals) = postSolution
		SolutionGuid = {BD15E452-E976-46FA-8F3B-37F6087001D8}
	EndGlobalSection
EndGlobal
