
Microsoft Visual Studio Solution File, Format Version 12.00
# Visual Studio Version 16
VisualStudioVersion = 16.0.31005.135
MinimumVisualStudioVersion = 10.0.40219.1
Project("{FAE04EC0-301F-11D3-BF4B-00C04F79EFBC}") = "Assignment306", "Assignment306\Assignment306.csproj", "{ED98501E-37A9-4030-A9E8-BCEAAA0EEA55}"
EndProject
Global
	GlobalSection(SolutionConfigurationPlatforms) = preSolution
		Debug|Any CPU = Debug|Any CPU
		Release|Any CPU = Release|Any CPU
	EndGlobalSection
	GlobalSection(ProjectConfigurationPlatforms) = postSolution
		{ED98501E-37A9-4030-A9E8-BCEAAA0EEA55}.Debug|Any CPU.ActiveCfg = Debug|Any CPU
		{ED98501E-37A9-4030-A9E8-BCEAAA0EEA55}.Debug|Any CPU.Build.0 = Debug|Any CPU
		{ED98501E-37A9-4030-A9E8-BCEAAA0EEA55}.Release|Any CPU.ActiveCfg = Release|Any CPU
		{ED98501E-37A9-4030-A9E8-BCEAAA0EEA55}.Release|Any CPU.Build.0 = Release|Any CPU
	EndGlobalSection
	GlobalSection(SolutionProperties) = preSolution
		HideSolutionNode = FALSE
	EndGlobalSection
	GlobalSection(ExtensibilityGlobals) = postSolution
		SolutionGuid = {5A649C07-918D-4420-8B58-307DE42C979E}
	EndGlobalSection
EndGlobal
